
Microsoft Visual Studio Solution File, Format Version 12.00
# Visual Studio Version 17
VisualStudioVersion = 17.14.36414.22
MinimumVisualStudioVersion = 10.0.40219.1
Project("{FAE04EC0-301F-11D3-BF4B-00C04F79EFBC}") = "Bioteca.Prism.InteroperableResearchNode", "Bioteca.Prism.InteroperableResearchNode.csproj", "{DE174938-3BFB-4D7E-833B-8C9B1A6B3B74}"
	ProjectSection(ProjectDependencies) = postProject
		{42D54E3F-ADE1-4DA8-BD69-128DCCFBB9E7} = {42D54E3F-ADE1-4DA8-BD69-128DCCFBB9E7}
		{DE1C07B4-A6DC-48DE-A7FE-2A30ADA68D09} = {DE1C07B4-A6DC-48DE-A7FE-2A30ADA68D09}
	EndProjectSection
EndProject
Project("{FAE04EC0-301F-11D3-BF4B-00C04F79EFBC}") = "Bioteca.Prism.Domain", "..\Bioteca.Prism.Domain\Bioteca.Prism.Domain.csproj", "{42D54E3F-ADE1-4DA8-BD69-128DCCFBB9E7}"
EndProject
Project("{FAE04EC0-301F-11D3-BF4B-00C04F79EFBC}") = "Bioteca.Prism.Service", "..\Bioteca.Prism.Service\Bioteca.Prism.Service.csproj", "{DE1C07B4-A6DC-48DE-A7FE-2A30ADA68D09}"
	ProjectSection(ProjectDependencies) = postProject
		{42D54E3F-ADE1-4DA8-BD69-128DCCFBB9E7} = {42D54E3F-ADE1-4DA8-BD69-128DCCFBB9E7}
		{D2860F24-1775-473D-ABDE-7F87321981A6} = {D2860F24-1775-473D-ABDE-7F87321981A6}
	EndProjectSection
EndProject
Project("{2150E333-8FDC-42A3-9474-1A3956D46DE8}") = "Solution Items", "Solution Items", "{8EC462FD-D22E-90A8-E5CE-7E832BA40C5D}"
	ProjectSection(SolutionItems) = preProject
		..\docker-compose.debug.yml = ..\docker-compose.debug.yml
		..\docker-compose.yml = ..\docker-compose.yml
	EndProjectSection
EndProject
Project("{FAE04EC0-301F-11D3-BF4B-00C04F79EFBC}") = "Bioteca.Prism.InteroperableResearchNode.Test", "..\Bioteca.Prism.InteroperableResearchNode.Test\Bioteca.Prism.InteroperableResearchNode.Test.csproj", "{B08978F2-105A-4B7D-BAD1-C5E0864ACD5F}"
EndProject
Project("{FAE04EC0-301F-11D3-BF4B-00C04F79EFBC}") = "Bioteca.Prism.Core", "..\Bioteca.Prism.Core\Bioteca.Prism.Core.csproj", "{D2860F24-1775-473D-ABDE-7F87321981A6}"
	ProjectSection(ProjectDependencies) = postProject
		{42D54E3F-ADE1-4DA8-BD69-128DCCFBB9E7} = {42D54E3F-ADE1-4DA8-BD69-128DCCFBB9E7}
	EndProjectSection
EndProject
Project("{FAE04EC0-301F-11D3-BF4B-00C04F79EFBC}") = "Bioteca.Prism.Data", "..\Bioteca.Prism.Data\Bioteca.Prism.Data.csproj", "{16B4F4DD-73E2-4FB8-8B7B-DD421CDCC6E6}"
	ProjectSection(ProjectDependencies) = postProject
		{D2860F24-1775-473D-ABDE-7F87321981A6} = {D2860F24-1775-473D-ABDE-7F87321981A6}
	EndProjectSection
EndProject
Global
	GlobalSection(SolutionConfigurationPlatforms) = preSolution
		Debug|Any CPU = Debug|Any CPU
		Release|Any CPU = Release|Any CPU
	EndGlobalSection
	GlobalSection(ProjectConfigurationPlatforms) = postSolution
		{DE174938-3BFB-4D7E-833B-8C9B1A6B3B74}.Debug|Any CPU.ActiveCfg = Debug|Any CPU
		{DE174938-3BFB-4D7E-833B-8C9B1A6B3B74}.Debug|Any CPU.Build.0 = Debug|Any CPU
		{DE174938-3BFB-4D7E-833B-8C9B1A6B3B74}.Release|Any CPU.ActiveCfg = Release|Any CPU
		{DE174938-3BFB-4D7E-833B-8C9B1A6B3B74}.Release|Any CPU.Build.0 = Release|Any CPU
		{42D54E3F-ADE1-4DA8-BD69-128DCCFBB9E7}.Debug|Any CPU.ActiveCfg = Debug|Any CPU
		{42D54E3F-ADE1-4DA8-BD69-128DCCFBB9E7}.Debug|Any CPU.Build.0 = Debug|Any CPU
		{42D54E3F-ADE1-4DA8-BD69-128DCCFBB9E7}.Release|Any CPU.ActiveCfg = Release|Any CPU
		{42D54E3F-ADE1-4DA8-BD69-128DCCFBB9E7}.Release|Any CPU.Build.0 = Release|Any CPU
		{DE1C07B4-A6DC-48DE-A7FE-2A30ADA68D09}.Debug|Any CPU.ActiveCfg = Debug|Any CPU
		{DE1C07B4-A6DC-48DE-A7FE-2A30ADA68D09}.Debug|Any CPU.Build.0 = Debug|Any CPU
		{DE1C07B4-A6DC-48DE-A7FE-2A30ADA68D09}.Release|Any CPU.ActiveCfg = Release|Any CPU
		{DE1C07B4-A6DC-48DE-A7FE-2A30ADA68D09}.Release|Any CPU.Build.0 = Release|Any CPU
		{B08978F2-105A-4B7D-BAD1-C5E0864ACD5F}.Debug|Any CPU.ActiveCfg = Debug|Any CPU
		{B08978F2-105A-4B7D-BAD1-C5E0864ACD5F}.Debug|Any CPU.Build.0 = Debug|Any CPU
		{B08978F2-105A-4B7D-BAD1-C5E0864ACD5F}.Release|Any CPU.ActiveCfg = Release|Any CPU
		{B08978F2-105A-4B7D-BAD1-C5E0864ACD5F}.Release|Any CPU.Build.0 = Release|Any CPU
		{D2860F24-1775-473D-ABDE-7F87321981A6}.Debug|Any CPU.ActiveCfg = Debug|Any CPU
		{D2860F24-1775-473D-ABDE-7F87321981A6}.Debug|Any CPU.Build.0 = Debug|Any CPU
		{D2860F24-1775-473D-ABDE-7F87321981A6}.Release|Any CPU.ActiveCfg = Release|Any CPU
		{D2860F24-1775-473D-ABDE-7F87321981A6}.Release|Any CPU.Build.0 = Release|Any CPU
		{16B4F4DD-73E2-4FB8-8B7B-DD421CDCC6E6}.Debug|Any CPU.ActiveCfg = Debug|Any CPU
		{16B4F4DD-73E2-4FB8-8B7B-DD421CDCC6E6}.Debug|Any CPU.Build.0 = Debug|Any CPU
		{16B4F4DD-73E2-4FB8-8B7B-DD421CDCC6E6}.Release|Any CPU.ActiveCfg = Release|Any CPU
		{16B4F4DD-73E2-4FB8-8B7B-DD421CDCC6E6}.Release|Any CPU.Build.0 = Release|Any CPU
	EndGlobalSection
	GlobalSection(SolutionProperties) = preSolution
		HideSolutionNode = FALSE
	EndGlobalSection
	GlobalSection(ExtensibilityGlobals) = postSolution
		SolutionGuid = {994DB135-1DF7-4FCE-8308-83C72452A404}
	EndGlobalSection
EndGlobal
